
Microsoft Visual Studio Solution File, Format Version 12.00
# Visual Studio 15
VisualStudioVersion = 15.0.26730.15
MinimumVisualStudioVersion = 10.0.40219.1
Project("{FAE04EC0-301F-11D3-BF4B-00C04F79EFBC}") = "EjemploGit", "EjemploGit\EjemploGit.csproj", "{A156BE8D-5515-4D2E-96C1-A18A537A032E}"
EndProject
Global
	GlobalSection(SolutionConfigurationPlatforms) = preSolution
		Debug|Any CPU = Debug|Any CPU
		Release|Any CPU = Release|Any CPU
	EndGlobalSection
	GlobalSection(ProjectConfigurationPlatforms) = postSolution
		{A156BE8D-5515-4D2E-96C1-A18A537A032E}.Debug|Any CPU.ActiveCfg = Debug|Any CPU
		{A156BE8D-5515-4D2E-96C1-A18A537A032E}.Debug|Any CPU.Build.0 = Debug|Any CPU
		{A156BE8D-5515-4D2E-96C1-A18A537A032E}.Release|Any CPU.ActiveCfg = Release|Any CPU
		{A156BE8D-5515-4D2E-96C1-A18A537A032E}.Release|Any CPU.Build.0 = Release|Any CPU
	EndGlobalSection
	GlobalSection(SolutionProperties) = preSolution
		HideSolutionNode = FALSE
	EndGlobalSection
	GlobalSection(ExtensibilityGlobals) = postSolution
		SolutionGuid = {57F8A620-4F4D-4B86-B148-AEB9091635FA}
	EndGlobalSection
EndGlobal
